
Microsoft Visual Studio Solution File, Format Version 12.00
# Visual Studio Version 16
VisualStudioVersion = 16.0.31410.357
MinimumVisualStudioVersion = 10.0.40219.1
Project("{9A19103F-16F7-4668-BE54-9A1E7A4F7556}") = "The49", "The49.csproj", "{A0CE4E17-F2F7-4019-B0FD-8A50FAD8318D}"
EndProject
Global
	GlobalSection(SolutionConfigurationPlatforms) = preSolution
		Debug|Any CPU = Debug|Any CPU
		ExportDebug|Any CPU = ExportDebug|Any CPU
		ExportRelease|Any CPU = ExportRelease|Any CPU
	EndGlobalSection
	GlobalSection(ProjectConfigurationPlatforms) = postSolution
		{A0CE4E17-F2F7-4019-B0FD-8A50FAD8318D}.Debug|Any CPU.ActiveCfg = Debug|Any CPU
		{A0CE4E17-F2F7-4019-B0FD-8A50FAD8318D}.Debug|Any CPU.Build.0 = Debug|Any CPU
		{A0CE4E17-F2F7-4019-B0FD-8A50FAD8318D}.ExportDebug|Any CPU.ActiveCfg = ExportDebug|Any CPU
		{A0CE4E17-F2F7-4019-B0FD-8A50FAD8318D}.ExportDebug|Any CPU.Build.0 = ExportDebug|Any CPU
		{A0CE4E17-F2F7-4019-B0FD-8A50FAD8318D}.ExportRelease|Any CPU.ActiveCfg = ExportRelease|Any CPU
		{A0CE4E17-F2F7-4019-B0FD-8A50FAD8318D}.ExportRelease|Any CPU.Build.0 = ExportRelease|Any CPU
	EndGlobalSection
	GlobalSection(SolutionProperties) = preSolution
		HideSolutionNode = FALSE
	EndGlobalSection
	GlobalSection(ExtensibilityGlobals) = postSolution
		SolutionGuid = {E2A6380B-24A3-424D-A03A-C4C68598E380}
	EndGlobalSection
EndGlobal
